
Microsoft Visual Studio Solution File, Format Version 12.00
# Visual Studio Version 17
VisualStudioVersion = 17.3.32922.545
MinimumVisualStudioVersion = 10.0.40219.1
Project("{FAE04EC0-301F-11D3-BF4B-00C04F79EFBC}") = "WebAPI", "WebAPI\WebAPI.csproj", "{903319D3-5C59-4074-B8F3-719D01F418B0}"
EndProject
Global
	GlobalSection(SolutionConfigurationPlatforms) = preSolution
		Debug|Any CPU = Debug|Any CPU
		Release|Any CPU = Release|Any CPU
	EndGlobalSection
	GlobalSection(ProjectConfigurationPlatforms) = postSolution
		{903319D3-5C59-4074-B8F3-719D01F418B0}.Debug|Any CPU.ActiveCfg = Debug|Any CPU
		{903319D3-5C59-4074-B8F3-719D01F418B0}.Debug|Any CPU.Build.0 = Debug|Any CPU
		{903319D3-5C59-4074-B8F3-719D01F418B0}.Release|Any CPU.ActiveCfg = Release|Any CPU
		{903319D3-5C59-4074-B8F3-719D01F418B0}.Release|Any CPU.Build.0 = Release|Any CPU
	EndGlobalSection
	GlobalSection(SolutionProperties) = preSolution
		HideSolutionNode = FALSE
	EndGlobalSection
	GlobalSection(ExtensibilityGlobals) = postSolution
		SolutionGuid = {55384445-0728-41B3-AB20-E6C6C7BA5BC3}
	EndGlobalSection
EndGlobal
